
Microsoft Visual Studio Solution File, Format Version 12.00
# Visual Studio Version 16
VisualStudioVersion = 16.0.30002.166
MinimumVisualStudioVersion = 10.0.40219.1
Project("{FAE04EC0-301F-11D3-BF4B-00C04F79EFBC}") = "Assignment_2_WPF_Data_Binding", "Assignment_2_WPF_Data_Binding\Assignment_2_WPF_Data_Binding.csproj", "{20FD4909-E142-4AA9-AE16-BF82F1CEE093}"
EndProject
Global
	GlobalSection(SolutionConfigurationPlatforms) = preSolution
		Debug|Any CPU = Debug|Any CPU
		Release|Any CPU = Release|Any CPU
	EndGlobalSection
	GlobalSection(ProjectConfigurationPlatforms) = postSolution
		{20FD4909-E142-4AA9-AE16-BF82F1CEE093}.Debug|Any CPU.ActiveCfg = Debug|Any CPU
		{20FD4909-E142-4AA9-AE16-BF82F1CEE093}.Debug|Any CPU.Build.0 = Debug|Any CPU
		{20FD4909-E142-4AA9-AE16-BF82F1CEE093}.Release|Any CPU.ActiveCfg = Release|Any CPU
		{20FD4909-E142-4AA9-AE16-BF82F1CEE093}.Release|Any CPU.Build.0 = Release|Any CPU
	EndGlobalSection
	GlobalSection(SolutionProperties) = preSolution
		HideSolutionNode = FALSE
	EndGlobalSection
	GlobalSection(ExtensibilityGlobals) = postSolution
		SolutionGuid = {8E91F82A-896E-4695-A9FB-8CC257257AD2}
	EndGlobalSection
EndGlobal
